
Microsoft Visual Studio Solution File, Format Version 12.00
# Visual Studio Version 16
VisualStudioVersion = 16.0.31402.337
MinimumVisualStudioVersion = 10.0.40219.1
Project("{FAE04EC0-301F-11D3-BF4B-00C04F79EFBC}") = "HikvisionGetUsers", "HikvisionGetUsers.csproj", "{FB532AE8-529D-4309-9285-B0536A6A971A}"
EndProject
Global
	GlobalSection(SolutionConfigurationPlatforms) = preSolution
		Debug|Any CPU = Debug|Any CPU
		Release|Any CPU = Release|Any CPU
	EndGlobalSection
	GlobalSection(ProjectConfigurationPlatforms) = postSolution
		{FB532AE8-529D-4309-9285-B0536A6A971A}.Debug|Any CPU.ActiveCfg = Debug|Any CPU
		{FB532AE8-529D-4309-9285-B0536A6A971A}.Debug|Any CPU.Build.0 = Debug|Any CPU
		{FB532AE8-529D-4309-9285-B0536A6A971A}.Release|Any CPU.ActiveCfg = Release|Any CPU
		{FB532AE8-529D-4309-9285-B0536A6A971A}.Release|Any CPU.Build.0 = Release|Any CPU
	EndGlobalSection
	GlobalSection(SolutionProperties) = preSolution
		HideSolutionNode = FALSE
	EndGlobalSection
	GlobalSection(ExtensibilityGlobals) = postSolution
		SolutionGuid = {7FEB9C47-93CE-42D8-B974-97AF5EB134D5}
	EndGlobalSection
EndGlobal
